
Microsoft Visual Studio Solution File, Format Version 12.00
# Visual Studio 14
VisualStudioVersion = 14.0.23107.0
MinimumVisualStudioVersion = 10.0.40219.1
Project("{FAE04EC0-301F-11D3-BF4B-00C04F79EFBC}") = "AutoInvtoryManage", "AutoInvtoryManage\AutoInvtoryManage.csproj", "{089F05D7-9206-4F81-9138-20AE0A1CBB54}"
EndProject
Global
	GlobalSection(SolutionConfigurationPlatforms) = preSolution
		Debug|Any CPU = Debug|Any CPU
		Release|Any CPU = Release|Any CPU
	EndGlobalSection
	GlobalSection(ProjectConfigurationPlatforms) = postSolution
		{089F05D7-9206-4F81-9138-20AE0A1CBB54}.Debug|Any CPU.ActiveCfg = Debug|Any CPU
		{089F05D7-9206-4F81-9138-20AE0A1CBB54}.Debug|Any CPU.Build.0 = Debug|Any CPU
		{089F05D7-9206-4F81-9138-20AE0A1CBB54}.Release|Any CPU.ActiveCfg = Release|Any CPU
		{089F05D7-9206-4F81-9138-20AE0A1CBB54}.Release|Any CPU.Build.0 = Release|Any CPU
	EndGlobalSection
	GlobalSection(SolutionProperties) = preSolution
		HideSolutionNode = FALSE
	EndGlobalSection
EndGlobal
